
Microsoft Visual Studio Solution File, Format Version 12.00
# Visual Studio 15
VisualStudioVersion = 15.0.35714.111
MinimumVisualStudioVersion = 10.0.40219.1
Project("{FAE04EC0-301F-11D3-BF4B-00C04F79EFBC}") = "Online Game", "Online Game\Online Game.csproj", "{4E00FFCC-2A7E-42EB-B545-9A67D601E7F8}"
EndProject
Project("{FAE04EC0-301F-11D3-BF4B-00C04F79EFBC}") = "Academic System", "Academic System\Academic System.csproj", "{EE239DB6-121A-4CF7-A9C1-AA606CB54936}"
EndProject
Project("{FAE04EC0-301F-11D3-BF4B-00C04F79EFBC}") = "Inventory System", "Inventory System\Inventory System.csproj", "{C1A5B5A6-5683-49D7-902E-281510B2D184}"
EndProject
Project("{FAE04EC0-301F-11D3-BF4B-00C04F79EFBC}") = "Restaurant System", "Restaurant System\Restaurant System.csproj", "{822D071F-4618-420B-B28D-4BE1EBE3447D}"
EndProject
Global
	GlobalSection(SolutionConfigurationPlatforms) = preSolution
		Debug|Any CPU = Debug|Any CPU
		Release|Any CPU = Release|Any CPU
	EndGlobalSection
	GlobalSection(ProjectConfigurationPlatforms) = postSolution
		{4E00FFCC-2A7E-42EB-B545-9A67D601E7F8}.Debug|Any CPU.ActiveCfg = Debug|Any CPU
		{4E00FFCC-2A7E-42EB-B545-9A67D601E7F8}.Debug|Any CPU.Build.0 = Debug|Any CPU
		{4E00FFCC-2A7E-42EB-B545-9A67D601E7F8}.Release|Any CPU.ActiveCfg = Release|Any CPU
		{4E00FFCC-2A7E-42EB-B545-9A67D601E7F8}.Release|Any CPU.Build.0 = Release|Any CPU
		{EE239DB6-121A-4CF7-A9C1-AA606CB54936}.Debug|Any CPU.ActiveCfg = Debug|Any CPU
		{EE239DB6-121A-4CF7-A9C1-AA606CB54936}.Debug|Any CPU.Build.0 = Debug|Any CPU
		{EE239DB6-121A-4CF7-A9C1-AA606CB54936}.Release|Any CPU.ActiveCfg = Release|Any CPU
		{EE239DB6-121A-4CF7-A9C1-AA606CB54936}.Release|Any CPU.Build.0 = Release|Any CPU
		{C1A5B5A6-5683-49D7-902E-281510B2D184}.Debug|Any CPU.ActiveCfg = Debug|Any CPU
		{C1A5B5A6-5683-49D7-902E-281510B2D184}.Debug|Any CPU.Build.0 = Debug|Any CPU
		{C1A5B5A6-5683-49D7-902E-281510B2D184}.Release|Any CPU.ActiveCfg = Release|Any CPU
		{C1A5B5A6-5683-49D7-902E-281510B2D184}.Release|Any CPU.Build.0 = Release|Any CPU
		{822D071F-4618-420B-B28D-4BE1EBE3447D}.Debug|Any CPU.ActiveCfg = Debug|Any CPU
		{822D071F-4618-420B-B28D-4BE1EBE3447D}.Debug|Any CPU.Build.0 = Debug|Any CPU
		{822D071F-4618-420B-B28D-4BE1EBE3447D}.Release|Any CPU.ActiveCfg = Release|Any CPU
		{822D071F-4618-420B-B28D-4BE1EBE3447D}.Release|Any CPU.Build.0 = Release|Any CPU
	EndGlobalSection
	GlobalSection(SolutionProperties) = preSolution
		HideSolutionNode = FALSE
	EndGlobalSection
	GlobalSection(ExtensibilityGlobals) = postSolution
		SolutionGuid = {D95CB1FB-C2CB-47B1-B574-5CC2F3790E5A}
	EndGlobalSection
EndGlobal
